{
  "version": 4,
  "terraform_version": "1.5.7",
  "serial": 74,
  "lineage": "086ab65d-3d59-e48f-a9d9-e1c453acdd36",
  "outputs": {
    "vm_ip_address": {
      "value": "172.31.19.218",
      "type": "string"
    }
  },
  "resources": [
    {
      "module": "module.create_AMI",
      "mode": "managed",
      "type": "aws_instance",
      "name": "image_vm",
      "provider": "module.create_AMI.provider[\"registry.terraform.io/hashicorp/aws\"]",
      "instances": [
        {
          "schema_version": 1,
          "attributes": {
            "ami": "ami-0f403e3180720dd7e",
            "arn": "arn:aws:ec2:us-east-1:958565659375:instance/i-0d90a255b23de55e0",
            "associate_public_ip_address": true,
            "availability_zone": "us-east-1d",
            "capacity_reservation_specification": [
              {
                "capacity_reservation_preference": "open",
                "capacity_reservation_target": []
              }
            ],
            "cpu_core_count": 1,
            "cpu_options": [
              {
                "amd_sev_snp": "",
                "core_count": 1,
                "threads_per_core": 1
              }
            ],
            "cpu_threads_per_core": 1,
            "credit_specification": [
              {
                "cpu_credits": "standard"
              }
            ],
            "disable_api_stop": false,
            "disable_api_termination": false,
            "ebs_block_device": [],
            "ebs_optimized": false,
            "enclave_options": [
              {
                "enabled": false
              }
            ],
            "ephemeral_block_device": [],
            "get_password_data": false,
            "hibernation": false,
            "host_id": "",
            "host_resource_group_arn": null,
            "iam_instance_profile": "",
            "id": "i-0d90a255b23de55e0",
            "instance_initiated_shutdown_behavior": "stop",
            "instance_lifecycle": "",
            "instance_market_options": [],
            "instance_state": "running",
            "instance_type": "t2.micro",
            "ipv6_address_count": 0,
            "ipv6_addresses": [],
            "key_name": "",
            "launch_template": [],
            "maintenance_options": [
              {
                "auto_recovery": "default"
              }
            ],
            "metadata_options": [
              {
                "http_endpoint": "enabled",
                "http_protocol_ipv6": "disabled",
                "http_put_response_hop_limit": 2,
                "http_tokens": "required",
                "instance_metadata_tags": "disabled"
              }
            ],
            "monitoring": false,
            "network_interface": [],
            "outpost_arn": "",
            "password_data": "",
            "placement_group": "",
            "placement_partition_number": 0,
            "primary_network_interface_id": "eni-0293e194063d084fc",
            "private_dns": "ip-172-31-19-218.ec2.internal",
            "private_dns_name_options": [
              {
                "enable_resource_name_dns_a_record": false,
                "enable_resource_name_dns_aaaa_record": false,
                "hostname_type": "ip-name"
              }
            ],
            "private_ip": "172.31.19.218",
            "public_dns": "ec2-3-80-23-216.compute-1.amazonaws.com",
            "public_ip": "3.80.23.216",
            "root_block_device": [
              {
                "delete_on_termination": true,
                "device_name": "/dev/xvda",
                "encrypted": false,
                "iops": 3000,
                "kms_key_id": "",
                "tags": {},
                "tags_all": {},
                "throughput": 125,
                "volume_id": "vol-067cf501b900d8aee",
                "volume_size": 8,
                "volume_type": "gp3"
              }
            ],
            "secondary_private_ips": [],
            "security_groups": [
              "default"
            ],
            "source_dest_check": true,
            "spot_instance_request_id": "",
            "subnet_id": "subnet-07e8942c11c7000df",
            "tags": {
              "Name": "image_vm"
            },
            "tags_all": {
              "Name": "image_vm"
            },
            "tenancy": "default",
            "timeouts": null,
            "user_data": null,
            "user_data_base64": null,
            "user_data_replace_on_change": false,
            "volume_tags": null,
            "vpc_security_group_ids": [
              "sg-0d193f3504e299d9b"
            ]
          },
          "sensitive_attributes": [],
          "private": "eyJlMmJmYjczMC1lY2FhLTExZTYtOGY4OC0zNDM2M2JjN2M0YzAiOnsiY3JlYXRlIjo2MDAwMDAwMDAwMDAsImRlbGV0ZSI6MTIwMDAwMDAwMDAwMCwicmVhZCI6OTAwMDAwMDAwMDAwLCJ1cGRhdGUiOjYwMDAwMDAwMDAwMH0sInNjaGVtYV92ZXJzaW9uIjoiMSJ9"
        }
      ]
    },
    {
      "module": "module.create_AMI",
      "mode": "managed",
      "type": "null_resource",
      "name": "install_apache",
      "provider": "provider[\"registry.terraform.io/hashicorp/null\"]",
      "instances": [
        {
          "status": "tainted",
          "schema_version": 0,
          "attributes": {
            "id": "2241030610023026852",
            "triggers": null
          },
          "sensitive_attributes": [],
          "dependencies": [
            "module.create_AMI.aws_instance.image_vm",
            "module.create_AMI.tls_private_key.my_key"
          ]
        }
      ]
    },
    {
      "module": "module.create_AMI",
      "mode": "managed",
      "type": "tls_private_key",
      "name": "my_key",
      "provider": "provider[\"registry.terraform.io/hashicorp/tls\"]",
      "instances": [
        {
          "schema_version": 1,
          "attributes": {
            "algorithm": "RSA",
            "ecdsa_curve": "P224",
            "id": "048432701afa26a69125af6998d25aa9b9654064",
            "private_key_openssh": "-----BEGIN OPENSSH PRIVATE KEY-----\nb3BlbnNzaC1rZXktdjEAAAAABG5vbmUAAAAEbm9uZQAAAAAAAAABAAABFwAAAAdz\nc2gtcnNhAAAAAwEAAQAAAQEA2pOo9Mxjj5I26lIfddOonkMciUbR8blOF4YzCB4u\nMi2WueQWgQ41z4V+UzvfaXZqxxeiQb9aoetYDv4UswAYlcpHROg0Q5g1dXyxGIsa\nDF2+nC0mMOS8NXdQlz4xS0L1SZ1WwFixHu6YbHZA0zBPqPittWgctRHoTueP3+KE\nfugKLCbZS2hT7LwpZPy7IaLLr25YagEf3ZvPteddnstfyB6ha6aY57cabZvZLxub\nNgyFYn1xB2S2lenT27stN5SdH3Rh7yavHb/763xu8WysOG/07jsgc1WUXQgBYDso\n9/y98Ng5vMkIruNjf8Cu2vUNwn8uji/i4hn9fV3x7628ZwAAA7hGgxVBRoMVQQAA\nAAdzc2gtcnNhAAABAQDak6j0zGOPkjbqUh9106ieQxyJRtHxuU4XhjMIHi4yLZa5\n5BaBDjXPhX5TO99pdmrHF6JBv1qh61gO/hSzABiVykdE6DRDmDV1fLEYixoMXb6c\nLSYw5Lw1d1CXPjFLQvVJnVbAWLEe7phsdkDTME+o+K21aBy1EehO54/f4oR+6Aos\nJtlLaFPsvClk/LshosuvblhqAR/dm8+1512ey1/IHqFrppjntxptm9kvG5s2DIVi\nfXEHZLaV6dPbuy03lJ0fdGHvJq8dv/vrfG7xbKw4b/TuOyBzVZRdCAFgOyj3/L3w\n2Dm8yQiu42N/wK7a9Q3Cfy6OL+LiGf19XfHvrbxnAAAAAwEAAQAAAQBLawmwNdng\njw3duipayIZ03Sk6gLIuGsdEPKzdDzTXYX2RdI8DRrjwetpEs/L5e7+KJLB6ySDn\nn8HJoofX35+cB6ihsRFfhWRkvnqIwm5hd/MuBjIYSsRaGmo3VWFC276xANYPFks/\nJgp32jGx7Qh/gBbH8j19iMlEeIffM1SOSLUD3IjFbON73VFDaDNTe4mK/Viq9jsz\n+mEggE0fMQhoDop33lJjyf8phVbJ4A3uV6OvkjU8JsDb6ewmub9Ka9FBHmSRFQg/\n+iUlfE5cZ8bn2UiZzJB5Ws+5k26AoN2rz3wEvbInLxwYi286hu0mNDhNhJ4OA6Co\nkc+xOAlTd5lRAAAAgQCH2KC6GEvl0uxPguvXz0JXgcQ/TLez8nQqPJ5UpljTkGFv\n2icUduFZbfnayCS0SsUxqYIfskXTUB+1ra17tUwUnsYsAXt54F/75twkwd5TIyXr\n+yznCarvuF/veq8ovBs/W9Nr7WYPHKHma/xVyOWzZ/FoazQdS1mGnu+HOhP3FgAA\nAIEA7UThP+RlUzgSPFuYGVqbXdTHD8TspXLfPtxWHdVnQKk7Q+kkJQnEbsaZgW3n\nTWq+Mroxk3o57YUTDLYQ08a/qM+5V5M5SS+iY05YsKEoKuXeR8O4FyiCoQVqK3UA\nroUAj/GrhTQvnuLMkrhLrikFhFdy5wkW9WrMkHb++Nsyad8AAACBAOvVBC4GHqwP\n3gvGr1phRzMXsnYeFELfxul1x6lqp+eLlLZ/uh1Z60GAZi2x7yWFalpo7Evhjaxt\neB96GRcnpBAdyWYh5pz47DC0CWa/3iBlpIVK95IeK8vW0/XGdxk0w3a7LE9nuGgj\nD896R9MXySz/QysEm8dNDCV/u/2l4I55AAAAAAEC\n-----END OPENSSH PRIVATE KEY-----\n",
            "private_key_pem": "-----BEGIN RSA PRIVATE KEY-----\nMIIEpAIBAAKCAQEA2pOo9Mxjj5I26lIfddOonkMciUbR8blOF4YzCB4uMi2WueQW\ngQ41z4V+UzvfaXZqxxeiQb9aoetYDv4UswAYlcpHROg0Q5g1dXyxGIsaDF2+nC0m\nMOS8NXdQlz4xS0L1SZ1WwFixHu6YbHZA0zBPqPittWgctRHoTueP3+KEfugKLCbZ\nS2hT7LwpZPy7IaLLr25YagEf3ZvPteddnstfyB6ha6aY57cabZvZLxubNgyFYn1x\nB2S2lenT27stN5SdH3Rh7yavHb/763xu8WysOG/07jsgc1WUXQgBYDso9/y98Ng5\nvMkIruNjf8Cu2vUNwn8uji/i4hn9fV3x7628ZwIDAQABAoIBAEtrCbA12eCPDd26\nKlrIhnTdKTqAsi4ax0Q8rN0PNNdhfZF0jwNGuPB62kSz8vl7v4oksHrJIOefwcmi\nh9ffn5wHqKGxEV+FZGS+eojCbmF38y4GMhhKxFoaajdVYULbvrEA1g8WSz8mCnfa\nMbHtCH+AFsfyPX2IyUR4h98zVI5ItQPciMVs43vdUUNoM1N7iYr9WKr2OzP6YSCA\nTR8xCGgOinfeUmPJ/ymFVsngDe5Xo6+SNTwmwNvp7Ca5v0pr0UEeZJEVCD/6JSV8\nTlxnxufZSJnMkHlaz7mTboCg3avPfAS9sicvHBiLbzqG7SY0OE2Eng4DoKiRz7E4\nCVN3mVECgYEA7UThP+RlUzgSPFuYGVqbXdTHD8TspXLfPtxWHdVnQKk7Q+kkJQnE\nbsaZgW3nTWq+Mroxk3o57YUTDLYQ08a/qM+5V5M5SS+iY05YsKEoKuXeR8O4FyiC\noQVqK3UAroUAj/GrhTQvnuLMkrhLrikFhFdy5wkW9WrMkHb++Nsyad8CgYEA69UE\nLgYerA/eC8avWmFHMxeydh4UQt/G6XXHqWqn54uUtn+6HVnrQYBmLbHvJYVqWmjs\nS+GNrG14H3oZFyekEB3JZiHmnPjsMLQJZr/eIGWkhUr3kh4ry9bT9cZ3GTTDdrss\nT2e4aCMPz3pH0xfJLP9DKwSbx00MJX+7/aXgjnkCgYAc1/XGDZ7fuf5FhiD8XA5t\nHrPAUAEwr8FB5Ak4ATxXGPuSauIw+nn9uXjpyhGHUMWkZwwl0IMAQ+An+G4dQJkG\nDZKLeeNJ6VeFWP3hIwY+CMm30awsbIlMx9q7Q7L8hECoPwnJ3Kk5WHrkDzFsD6KT\nDwpx2aIH3Z7WpRCj8gmz4wKBgQCrHSSrQEWBEwJKCR+ytGK077zNd4W8ACKTwqHc\ni0bI+r4srQCdy2CnZkK9ZR3gW62PbBIH/OCO+97s9+q8okaoavR25qItw2+c5wTr\nSMwjNZzqGjsIClw8yuOAsUA5Sc+JlsXP17I13TrbkB4NTHTr8UsLK4zcT0tA6i29\nHV6SAQKBgQCH2KC6GEvl0uxPguvXz0JXgcQ/TLez8nQqPJ5UpljTkGFv2icUduFZ\nbfnayCS0SsUxqYIfskXTUB+1ra17tUwUnsYsAXt54F/75twkwd5TIyXr+yznCarv\nuF/veq8ovBs/W9Nr7WYPHKHma/xVyOWzZ/FoazQdS1mGnu+HOhP3Fg==\n-----END RSA PRIVATE KEY-----\n",
            "private_key_pem_pkcs8": "-----BEGIN PRIVATE KEY-----\nMIIEvgIBADANBgkqhkiG9w0BAQEFAASCBKgwggSkAgEAAoIBAQDak6j0zGOPkjbq\nUh9106ieQxyJRtHxuU4XhjMIHi4yLZa55BaBDjXPhX5TO99pdmrHF6JBv1qh61gO\n/hSzABiVykdE6DRDmDV1fLEYixoMXb6cLSYw5Lw1d1CXPjFLQvVJnVbAWLEe7phs\ndkDTME+o+K21aBy1EehO54/f4oR+6AosJtlLaFPsvClk/LshosuvblhqAR/dm8+1\n512ey1/IHqFrppjntxptm9kvG5s2DIVifXEHZLaV6dPbuy03lJ0fdGHvJq8dv/vr\nfG7xbKw4b/TuOyBzVZRdCAFgOyj3/L3w2Dm8yQiu42N/wK7a9Q3Cfy6OL+LiGf19\nXfHvrbxnAgMBAAECggEAS2sJsDXZ4I8N3boqWsiGdN0pOoCyLhrHRDys3Q8012F9\nkXSPA0a48HraRLPy+Xu/iiSweskg55/ByaKH19+fnAeoobERX4VkZL56iMJuYXfz\nLgYyGErEWhpqN1VhQtu+sQDWDxZLPyYKd9oxse0If4AWx/I9fYjJRHiH3zNUjki1\nA9yIxWzje91RQ2gzU3uJiv1YqvY7M/phIIBNHzEIaA6Kd95SY8n/KYVWyeAN7lej\nr5I1PCbA2+nsJrm/SmvRQR5kkRUIP/olJXxOXGfG59lImcyQeVrPuZNugKDdq898\nBL2yJy8cGItvOobtJjQ4TYSeDgOgqJHPsTgJU3eZUQKBgQDtROE/5GVTOBI8W5gZ\nWptd1McPxOylct8+3FYd1WdAqTtD6SQlCcRuxpmBbedNar4yujGTejnthRMMthDT\nxr+oz7lXkzlJL6JjTliwoSgq5d5Hw7gXKIKhBWordQCuhQCP8auFNC+e4sySuEuu\nKQWEV3LnCRb1asyQdv742zJp3wKBgQDr1QQuBh6sD94Lxq9aYUczF7J2HhRC38bp\ndcepaqfni5S2f7odWetBgGYtse8lhWpaaOxL4Y2sbXgfehkXJ6QQHclmIeac+Oww\ntAlmv94gZaSFSveSHivL1tP1xncZNMN2uyxPZ7hoIw/PekfTF8ks/0MrBJvHTQwl\nf7v9peCOeQKBgBzX9cYNnt+5/kWGIPxcDm0es8BQATCvwUHkCTgBPFcY+5Jq4jD6\nef25eOnKEYdQxaRnDCXQgwBD4Cf4bh1AmQYNkot540npV4VY/eEjBj4IybfRrCxs\niUzH2rtDsvyEQKg/CcncqTlYeuQPMWwPopMPCnHZogfdntalEKPyCbPjAoGBAKsd\nJKtARYETAkoJH7K0YrTvvM13hbwAIpPCodyLRsj6viytAJ3LYKdmQr1lHeBbrY9s\nEgf84I773uz36ryiRqhq9Hbmoi3Db5znBOtIzCM1nOoaOwgKXDzK44CxQDlJz4mW\nxc/XsjXdOtuQHg1MdOvxSwsrjNxPS0DqLb0dXpIBAoGBAIfYoLoYS+XS7E+C69fP\nQleBxD9Mt7PydCo8nlSmWNOQYW/aJxR24Vlt+drIJLRKxTGpgh+yRdNQH7WtrXu1\nTBSexiwBe3ngX/vm3CTB3lMjJev7LOcJqu+4X+96ryi8Gz9b02vtZg8coeZr/FXI\n5bNn8WhrNB1LWYae74c6E/cW\n-----END PRIVATE KEY-----\n",
            "public_key_fingerprint_md5": "42:31:d7:cf:4c:3c:64:03:65:5f:b0:84:72:59:1b:39",
            "public_key_fingerprint_sha256": "SHA256:jB3A5VvGfqZ9Tt9N09ExrQyTNcUhb5Q5beF8I/iPEeQ",
            "public_key_openssh": "ssh-rsa AAAAB3NzaC1yc2EAAAADAQABAAABAQDak6j0zGOPkjbqUh9106ieQxyJRtHxuU4XhjMIHi4yLZa55BaBDjXPhX5TO99pdmrHF6JBv1qh61gO/hSzABiVykdE6DRDmDV1fLEYixoMXb6cLSYw5Lw1d1CXPjFLQvVJnVbAWLEe7phsdkDTME+o+K21aBy1EehO54/f4oR+6AosJtlLaFPsvClk/LshosuvblhqAR/dm8+1512ey1/IHqFrppjntxptm9kvG5s2DIVifXEHZLaV6dPbuy03lJ0fdGHvJq8dv/vrfG7xbKw4b/TuOyBzVZRdCAFgOyj3/L3w2Dm8yQiu42N/wK7a9Q3Cfy6OL+LiGf19XfHvrbxn\n",
            "public_key_pem": "-----BEGIN PUBLIC KEY-----\nMIIBIjANBgkqhkiG9w0BAQEFAAOCAQ8AMIIBCgKCAQEA2pOo9Mxjj5I26lIfddOo\nnkMciUbR8blOF4YzCB4uMi2WueQWgQ41z4V+UzvfaXZqxxeiQb9aoetYDv4UswAY\nlcpHROg0Q5g1dXyxGIsaDF2+nC0mMOS8NXdQlz4xS0L1SZ1WwFixHu6YbHZA0zBP\nqPittWgctRHoTueP3+KEfugKLCbZS2hT7LwpZPy7IaLLr25YagEf3ZvPteddnstf\nyB6ha6aY57cabZvZLxubNgyFYn1xB2S2lenT27stN5SdH3Rh7yavHb/763xu8Wys\nOG/07jsgc1WUXQgBYDso9/y98Ng5vMkIruNjf8Cu2vUNwn8uji/i4hn9fV3x7628\nZwIDAQAB\n-----END PUBLIC KEY-----\n",
            "rsa_bits": 2048
          },
          "sensitive_attributes": []
        }
      ]
    },
    {
      "module": "module.network",
      "mode": "managed",
      "type": "aws_internet_gateway",
      "name": "gw",
      "provider": "module.network.provider[\"registry.terraform.io/hashicorp/aws\"]",
      "instances": [
        {
          "schema_version": 0,
          "attributes": {
            "arn": "arn:aws:ec2:us-east-1:958565659375:internet-gateway/igw-0506436e0ffdea78b",
            "id": "igw-0506436e0ffdea78b",
            "owner_id": "958565659375",
            "tags": null,
            "tags_all": {},
            "timeouts": null,
            "vpc_id": "vpc-07bdfb4acf3163eae"
          },
          "sensitive_attributes": [],
          "private": "eyJlMmJmYjczMC1lY2FhLTExZTYtOGY4OC0zNDM2M2JjN2M0YzAiOnsiY3JlYXRlIjoxMjAwMDAwMDAwMDAwLCJkZWxldGUiOjEyMDAwMDAwMDAwMDAsInVwZGF0ZSI6MTIwMDAwMDAwMDAwMH19",
          "dependencies": [
            "module.network.aws_vpc.main"
          ]
        }
      ]
    },
    {
      "module": "module.network",
      "mode": "managed",
      "type": "aws_route_table",
      "name": "public_rt",
      "provider": "module.network.provider[\"registry.terraform.io/hashicorp/aws\"]",
      "instances": [
        {
          "schema_version": 0,
          "attributes": {
            "arn": "arn:aws:ec2:us-east-1:958565659375:route-table/rtb-0f2df27c76fd6ed71",
            "id": "rtb-0f2df27c76fd6ed71",
            "owner_id": "958565659375",
            "propagating_vgws": [],
            "route": [
              {
                "carrier_gateway_id": "",
                "cidr_block": "0.0.0.0/0",
                "core_network_arn": "",
                "destination_prefix_list_id": "",
                "egress_only_gateway_id": "",
                "gateway_id": "igw-0506436e0ffdea78b",
                "ipv6_cidr_block": "",
                "local_gateway_id": "",
                "nat_gateway_id": "",
                "network_interface_id": "",
                "transit_gateway_id": "",
                "vpc_endpoint_id": "",
                "vpc_peering_connection_id": ""
              }
            ],
            "tags": null,
            "tags_all": {},
            "timeouts": null,
            "vpc_id": "vpc-07bdfb4acf3163eae"
          },
          "sensitive_attributes": [],
          "private": "eyJlMmJmYjczMC1lY2FhLTExZTYtOGY4OC0zNDM2M2JjN2M0YzAiOnsiY3JlYXRlIjozMDAwMDAwMDAwMDAsImRlbGV0ZSI6MzAwMDAwMDAwMDAwLCJ1cGRhdGUiOjEyMDAwMDAwMDAwMH19",
          "dependencies": [
            "module.network.aws_internet_gateway.gw",
            "module.network.aws_vpc.main"
          ]
        }
      ]
    },
    {
      "module": "module.network",
      "mode": "managed",
      "type": "aws_route_table_association",
      "name": "public_rt",
      "provider": "module.network.provider[\"registry.terraform.io/hashicorp/aws\"]",
      "instances": [
        {
          "schema_version": 0,
          "attributes": {
            "gateway_id": "",
            "id": "rtbassoc-039d1a32f185bd75f",
            "route_table_id": "rtb-0f2df27c76fd6ed71",
            "subnet_id": "subnet-059f78cb6fdc57553",
            "timeouts": null
          },
          "sensitive_attributes": [],
          "private": "eyJlMmJmYjczMC1lY2FhLTExZTYtOGY4OC0zNDM2M2JjN2M0YzAiOnsiY3JlYXRlIjozMDAwMDAwMDAwMDAsImRlbGV0ZSI6MzAwMDAwMDAwMDAwLCJ1cGRhdGUiOjEyMDAwMDAwMDAwMH19",
          "dependencies": [
            "module.network.aws_internet_gateway.gw",
            "module.network.aws_route_table.public_rt",
            "module.network.aws_subnet.public",
            "module.network.aws_vpc.main"
          ]
        }
      ]
    },
    {
      "module": "module.network",
      "mode": "managed",
      "type": "aws_security_group",
      "name": "allow_http_ssh",
      "provider": "module.network.provider[\"registry.terraform.io/hashicorp/aws\"]",
      "instances": [
        {
          "schema_version": 1,
          "attributes": {
            "arn": "arn:aws:ec2:us-east-1:958565659375:security-group/sg-0295eb5e2c442f9f1",
            "description": "Allow HTTP and SSH inbound traffic",
            "egress": [],
            "id": "sg-0295eb5e2c442f9f1",
            "ingress": [
              {
                "cidr_blocks": [
                  "0.0.0.0/0"
                ],
                "description": "",
                "from_port": 22,
                "ipv6_cidr_blocks": [],
                "prefix_list_ids": [],
                "protocol": "tcp",
                "security_groups": [],
                "self": false,
                "to_port": 22
              },
              {
                "cidr_blocks": [
                  "0.0.0.0/0"
                ],
                "description": "",
                "from_port": 80,
                "ipv6_cidr_blocks": [],
                "prefix_list_ids": [],
                "protocol": "tcp",
                "security_groups": [],
                "self": false,
                "to_port": 80
              }
            ],
            "name": "allow_http_ssh",
            "name_prefix": "",
            "owner_id": "958565659375",
            "revoke_rules_on_delete": false,
            "tags": null,
            "tags_all": {},
            "timeouts": null,
            "vpc_id": "vpc-07bdfb4acf3163eae"
          },
          "sensitive_attributes": [],
          "private": "eyJlMmJmYjczMC1lY2FhLTExZTYtOGY4OC0zNDM2M2JjN2M0YzAiOnsiY3JlYXRlIjo2MDAwMDAwMDAwMDAsImRlbGV0ZSI6OTAwMDAwMDAwMDAwfSwic2NoZW1hX3ZlcnNpb24iOiIxIn0=",
          "dependencies": [
            "module.network.aws_vpc.main"
          ]
        }
      ]
    },
    {
      "module": "module.network",
      "mode": "managed",
      "type": "aws_subnet",
      "name": "public",
      "provider": "module.network.provider[\"registry.terraform.io/hashicorp/aws\"]",
      "instances": [
        {
          "schema_version": 1,
          "attributes": {
            "arn": "arn:aws:ec2:us-east-1:958565659375:subnet/subnet-059f78cb6fdc57553",
            "assign_ipv6_address_on_creation": false,
            "availability_zone": "us-east-1a",
            "availability_zone_id": "use1-az6",
            "cidr_block": "10.0.1.0/24",
            "customer_owned_ipv4_pool": "",
            "enable_dns64": false,
            "enable_lni_at_device_index": 0,
            "enable_resource_name_dns_a_record_on_launch": false,
            "enable_resource_name_dns_aaaa_record_on_launch": false,
            "id": "subnet-059f78cb6fdc57553",
            "ipv6_cidr_block": "",
            "ipv6_cidr_block_association_id": "",
            "ipv6_native": false,
            "map_customer_owned_ip_on_launch": false,
            "map_public_ip_on_launch": false,
            "outpost_arn": "",
            "owner_id": "958565659375",
            "private_dns_hostname_type_on_launch": "ip-name",
            "tags": null,
            "tags_all": {},
            "timeouts": null,
            "vpc_id": "vpc-07bdfb4acf3163eae"
          },
          "sensitive_attributes": [],
          "private": "eyJlMmJmYjczMC1lY2FhLTExZTYtOGY4OC0zNDM2M2JjN2M0YzAiOnsiY3JlYXRlIjo2MDAwMDAwMDAwMDAsImRlbGV0ZSI6MTIwMDAwMDAwMDAwMH0sInNjaGVtYV92ZXJzaW9uIjoiMSJ9",
          "dependencies": [
            "module.network.aws_vpc.main"
          ]
        }
      ]
    },
    {
      "module": "module.network",
      "mode": "managed",
      "type": "aws_vpc",
      "name": "main",
      "provider": "module.network.provider[\"registry.terraform.io/hashicorp/aws\"]",
      "instances": [
        {
          "schema_version": 1,
          "attributes": {
            "arn": "arn:aws:ec2:us-east-1:958565659375:vpc/vpc-07bdfb4acf3163eae",
            "assign_generated_ipv6_cidr_block": false,
            "cidr_block": "10.0.0.0/16",
            "default_network_acl_id": "acl-0f629daf9a8e03135",
            "default_route_table_id": "rtb-0da050223cd5fac20",
            "default_security_group_id": "sg-002af352e10ace769",
            "dhcp_options_id": "dopt-05433ebf6231c0c1b",
            "enable_dns_hostnames": false,
            "enable_dns_support": true,
            "enable_network_address_usage_metrics": false,
            "id": "vpc-07bdfb4acf3163eae",
            "instance_tenancy": "default",
            "ipv4_ipam_pool_id": null,
            "ipv4_netmask_length": null,
            "ipv6_association_id": "",
            "ipv6_cidr_block": "",
            "ipv6_cidr_block_network_border_group": "",
            "ipv6_ipam_pool_id": "",
            "ipv6_netmask_length": 0,
            "main_route_table_id": "rtb-0da050223cd5fac20",
            "owner_id": "958565659375",
            "tags": null,
            "tags_all": {}
          },
          "sensitive_attributes": [],
          "private": "eyJzY2hlbWFfdmVyc2lvbiI6IjEifQ=="
        }
      ]
    }
  ],
  "check_results": null
}
